
Microsoft Visual Studio Solution File, Format Version 12.00
# Visual Studio Version 17
VisualStudioVersion = 17.9.34607.119
MinimumVisualStudioVersion = 10.0.40219.1
Project("{FAE04EC0-301F-11D3-BF4B-00C04F79EFBC}") = "APIBackEnd", "APIBackEnd\APIBackEnd.csproj", "{E75C383F-6A6C-47AF-81E1-80D7DB74874D}"
EndProject
Global
	GlobalSection(SolutionConfigurationPlatforms) = preSolution
		Debug|Any CPU = Debug|Any CPU
		Release|Any CPU = Release|Any CPU
	EndGlobalSection
	GlobalSection(ProjectConfigurationPlatforms) = postSolution
		{E75C383F-6A6C-47AF-81E1-80D7DB74874D}.Debug|Any CPU.ActiveCfg = Debug|Any CPU
		{E75C383F-6A6C-47AF-81E1-80D7DB74874D}.Debug|Any CPU.Build.0 = Debug|Any CPU
		{E75C383F-6A6C-47AF-81E1-80D7DB74874D}.Release|Any CPU.ActiveCfg = Release|Any CPU
		{E75C383F-6A6C-47AF-81E1-80D7DB74874D}.Release|Any CPU.Build.0 = Release|Any CPU
	EndGlobalSection
	GlobalSection(SolutionProperties) = preSolution
		HideSolutionNode = FALSE
	EndGlobalSection
	GlobalSection(ExtensibilityGlobals) = postSolution
		SolutionGuid = {DB58B212-70F4-46DF-8CA5-34DCA4E38531}
	EndGlobalSection
EndGlobal
